aqwari.net/net/styx v0.0.0-20190815231200-7169067e3f80 h1:gCkw8XFPQzOerTSxFQ6rRP+1S4x8PJUiuET2oUE4QBw=
aqwari.net/net/styx v0.0.0-20190815231200-7169067e3f80/go.mod h1:kcgWZDVb63SSKKIBVLUnQRF4RB87fVss6sZ6HZkq69o=
aqwari.net/retry v0.0.0-20180428204214-1281ce5d8df0 h1:BeD6U5TNwhMWxeydyi5xqpaNZx1MWl5QTcW4w7Mxf+Y=
aqwari.net/retry v0.0.0-20180428204214-1281ce5d8df0/go.mod h1:XSNyyoM+OSg3vRmROPrS1lEpV7q/I9J1HAKMMxdUkU4=
github.com/dhowden/tag v0.0.0-20190519100835-db0c67e351b1 h1:HR8W6GvuS20j4kNxa/XQeyVA0vHLKVMCAVJj0RGWauY=
github.com/dhowden/tag v0.0.0-20190519100835-db0c67e351b1/go.mod h1:SniNVYuaD1jmdEEvi+7ywb1QFR7agjeTdGKyFb0p7Rw=
github.com/google/uuid v1.1.1 h1:Gkbcsh/GbpXz7lPftLA3P6TYMwjCLYm83jiFQZF/3gY=
github.com/google/uuid v1.1.1/go.mod h1:TIyPZe4MgqvfeYDBFedMoGGpEw/LqOeaOT+nhxU+yHo=
github.com/majiru/aitm v0.0.0-20191111224104-9715e162d81c h1:h1bz/O6bqAHvrCFpxeq3KNNiwj8Ya8bsbduj0b3zYmA=
github.com/majiru/aitm v0.0.0-20191111224104-9715e162d81c/go.mod h1:71N/+LCFBcnbWwNLGjS6VYFAmkcbM2qhapyoYnX7p14=
github.com/majiru/anidb2json v0.0.0-20191111224246-665aa29f34f2 h1:7IMk5ANM9UcLObiOGzHrSQyjoyMYfVrJcvc2TShUq8s=
github.com/majiru/anidb2json v0.0.0-20191111224246-665aa29f34f2/go.mod h1:o5DcNApwiEwGgc+LbnNfZ4g4NjLDQTmZi51sCU9Nbxk=
github.com/remko/go-mkvparse v0.0.0-20190519181556-e343daff3525 h1:0nJMtuXsNY0bDjN+RVnmLaTzfmYrwTn2j9ssizoA4Tw=
github.com/remko/go-mkvparse v0.0.0-20190519181556-e343daff3525/go.mod h1:0gW1dLpnSYYsFa6Ddu3eSpNm0WDp5lLiy9Rl4Ke9P8w=
golang.org/x/crypto v0.0.0-20190308221718-c2843e01d9a2/go.mod h1:djNgcEr1/C05ACkg1iLfiJU5Ep61QUkGW8qpdssI0+w=
golang.org/x/crypto v0.0.0-20191111213947-16651526fdb4 h1:AGVXd+IAyeAb3FuQvYDYQ9+WR2JHm0+C0oYJaU1C4rs=
golang.org/x/crypto v0.0.0-20191111213947-16651526fdb4/go.mod h1:LzIPMQfyMNhhGPhUkYOs5KpL4U8rLKemX1yGLhDgUto=
golang.org/x/net v0.0.0-20190404232315-eb5bcb51f2a3 h1:0GoQqolDA55aaLxZyTzK/Y2ePZzZTUrRacwib7cNsYQ=
golang.org/x/net v0.0.0-20190404232315-eb5bcb51f2a3/go.mod h1:t9HGtf8HONx5eT2rtn7q6eTqICYqUVnKs3thJo3Qplg=
golang.org/x/sys v0.0.0-20190215142949-d0b11bdaac8a/go.mod h1:STP8DvDyc/dI5b8T5hshtkjS+E42TnysNCUPdjciGhY=
golang.org/x/sys v0.0.0-20190412213103-97732733099d/go.mod h1:h1NjWce9XRLGQEsW7wpKNCjG9DtNlClVuFLEZdDNbEs=
golang.org/x/text v0.3.0 h1:g61tztE5qeGQ89tm6NTjjM9VPIm088od1l6aSorWRWg=
golang.org/x/text v0.3.0/go.mod h1:NqM8EUOU14njkJ3fqMW+pc6Ldnwhi/IjpwHt7yyuwOQ=
